
Microsoft Visual Studio Solution File, Format Version 12.00
# Visual Studio Version 17
VisualStudioVersion = 17.9.34728.123
MinimumVisualStudioVersion = 10.0.40219.1
Project("{FAE04EC0-301F-11D3-BF4B-00C04F79EFBC}") = "Day1SignalIR", "Day1SignalIR\Day1SignalIR.csproj", "{D4835B76-FC8C-4701-88B3-562B2F24C28E}"
EndProject
Global
	GlobalSection(SolutionConfigurationPlatforms) = preSolution
		Debug|Any CPU = Debug|Any CPU
		Release|Any CPU = Release|Any CPU
	EndGlobalSection
	GlobalSection(ProjectConfigurationPlatforms) = postSolution
		{D4835B76-FC8C-4701-88B3-562B2F24C28E}.Debug|Any CPU.ActiveCfg = Debug|Any CPU
		{D4835B76-FC8C-4701-88B3-562B2F24C28E}.Debug|Any CPU.Build.0 = Debug|Any CPU
		{D4835B76-FC8C-4701-88B3-562B2F24C28E}.Release|Any CPU.ActiveCfg = Release|Any CPU
		{D4835B76-FC8C-4701-88B3-562B2F24C28E}.Release|Any CPU.Build.0 = Release|Any CPU
	EndGlobalSection
	GlobalSection(SolutionProperties) = preSolution
		HideSolutionNode = FALSE
	EndGlobalSection
	GlobalSection(ExtensibilityGlobals) = postSolution
		SolutionGuid = {000223D7-58FF-452A-96D0-01A941FA9F66}
	EndGlobalSection
EndGlobal
